
Microsoft Visual Studio Solution File, Format Version 12.00
# Visual Studio Version 16
VisualStudioVersion = 16.0.31321.278
MinimumVisualStudioVersion = 10.0.40219.1
Project("{9A19103F-16F7-4668-BE54-9A1E7A4F7556}") = "Agoo", "Agoo\Agoo.csproj", "{AA77A57E-4704-4056-AD49-F1A6D5991FDF}"
EndProject
Project("{9A19103F-16F7-4668-BE54-9A1E7A4F7556}") = "App", "App\App.csproj", "{2267AB04-54CB-4901-93ED-5783BF4E2674}"
EndProject
Project("{9A19103F-16F7-4668-BE54-9A1E7A4F7556}") = "Shared", "Shared\Shared.csproj", "{4993048D-71EE-49F0-870E-4A6E31B0BAB5}"
EndProject
Project("{FAE04EC0-301F-11D3-BF4B-00C04F79EFBC}") = "Cosmos", "Cosmos\Cosmos.csproj", "{1CA37186-1C72-44A5-8550-1905F6F09C49}"
EndProject
Global
	GlobalSection(SolutionConfigurationPlatforms) = preSolution
		Debug|Any CPU = Debug|Any CPU
		Release|Any CPU = Release|Any CPU
	EndGlobalSection
	GlobalSection(ProjectConfigurationPlatforms) = postSolution
		{AA77A57E-4704-4056-AD49-F1A6D5991FDF}.Debug|Any CPU.ActiveCfg = Debug|Any CPU
		{AA77A57E-4704-4056-AD49-F1A6D5991FDF}.Debug|Any CPU.Build.0 = Debug|Any CPU
		{AA77A57E-4704-4056-AD49-F1A6D5991FDF}.Release|Any CPU.ActiveCfg = Release|Any CPU
		{AA77A57E-4704-4056-AD49-F1A6D5991FDF}.Release|Any CPU.Build.0 = Release|Any CPU
		{2267AB04-54CB-4901-93ED-5783BF4E2674}.Debug|Any CPU.ActiveCfg = Debug|Any CPU
		{2267AB04-54CB-4901-93ED-5783BF4E2674}.Debug|Any CPU.Build.0 = Debug|Any CPU
		{2267AB04-54CB-4901-93ED-5783BF4E2674}.Release|Any CPU.ActiveCfg = Release|Any CPU
		{2267AB04-54CB-4901-93ED-5783BF4E2674}.Release|Any CPU.Build.0 = Release|Any CPU
		{4993048D-71EE-49F0-870E-4A6E31B0BAB5}.Debug|Any CPU.ActiveCfg = Debug|Any CPU
		{4993048D-71EE-49F0-870E-4A6E31B0BAB5}.Debug|Any CPU.Build.0 = Debug|Any CPU
		{4993048D-71EE-49F0-870E-4A6E31B0BAB5}.Release|Any CPU.ActiveCfg = Release|Any CPU
		{4993048D-71EE-49F0-870E-4A6E31B0BAB5}.Release|Any CPU.Build.0 = Release|Any CPU
		{1CA37186-1C72-44A5-8550-1905F6F09C49}.Debug|Any CPU.ActiveCfg = Debug|Any CPU
		{1CA37186-1C72-44A5-8550-1905F6F09C49}.Debug|Any CPU.Build.0 = Debug|Any CPU
		{1CA37186-1C72-44A5-8550-1905F6F09C49}.Release|Any CPU.ActiveCfg = Release|Any CPU
		{1CA37186-1C72-44A5-8550-1905F6F09C49}.Release|Any CPU.Build.0 = Release|Any CPU
	EndGlobalSection
	GlobalSection(SolutionProperties) = preSolution
		HideSolutionNode = FALSE
	EndGlobalSection
	GlobalSection(ExtensibilityGlobals) = postSolution
		SolutionGuid = {0AFBFD08-5708-4F95-A169-14427B69AF5F}
	EndGlobalSection
EndGlobal
